{
  "object": {
    "pins": [
      {
        "package": "JsJsonDecoderWrapper",
        "repositoryURL": "https://github.com/JiSeobKim/Js_JsonDecoderWrapper.git",
        "state": {
          "branch": null,
          "revision": "d612466c0f02490c53fadb69d2330b236b336fed",
          "version": "1.0.0"
        }
      },
      {
        "package": "JSLibrary",
        "repositoryURL": "https://github.com/JiSeobKim/JSLibrary.git",
        "state": {
          "branch": "main",
          "revision": "2cd7f9b57c014bbf4c9875b7258fda75ed8fbd70",
          "version": null
        }
      }
    ]
  },
  "version": 1
}
