{
  "object": {
    "pins": [
      {
        "package": "JsJsonDecoderWrapper",
        "repositoryURL": "https://github.com/JiSeobKim/Js_JsonDecoderWrapper.git",
        "state": {
          "branch": null,
          "revision": "d612466c0f02490c53fadb69d2330b236b336fed",
          "version": "1.0.0"
        }
      }
    ]
  },
  "version": 1
}
